// !$*UTF8*$!
{
	archiveVersion = 1;
	classes = {
	};
	objectVersion = 50;
	objects = {

/* Begin PBXBuildFile section */
		0C4ADA61210F4492002C3EA3 /* RegisterFooter.swift in Sources */ = {isa = PBXBuildFile; fileRef = 0C4ADA60210F4492002C3EA3 /* RegisterFooter.swift */; };
		0C4ADA63210F4549002C3EA3 /* RegisterHeader.swift in Sources */ = {isa = PBXBuildFile; fileRef = 0C4ADA62210F4549002C3EA3 /* RegisterHeader.swift */; };
		0C4ADA6821107E54002C3EA3 /* ModelManager.swift in Sources */ = {isa = PBXBuildFile; fileRef = 0C4ADA6721107E54002C3EA3 /* ModelManager.swift */; };
		0C4ADA6A21107EF5002C3EA3 /* RegisterManager.swift in Sources */ = {isa = PBXBuildFile; fileRef = 0C4ADA6921107EF5002C3EA3 /* RegisterManager.swift */; };
		0C4ADA71211090C4002C3EA3 /* Preferences+CoreDataProperties.swift in Sources */ = {isa = PBXBuildFile; fileRef = 0C4ADA6F211090C4002C3EA3 /* Preferences+CoreDataProperties.swift */; };
		0C4ADA72211090C4002C3EA3 /* Preferences+CoreDataClass.swift in Sources */ = {isa = PBXBuildFile; fileRef = 0C4ADA70211090C4002C3EA3 /* Preferences+CoreDataClass.swift */; };
		0C4ADA742110A450002C3EA3 /* UserStatus.swift in Sources */ = {isa = PBXBuildFile; fileRef = 0C4ADA732110A450002C3EA3 /* UserStatus.swift */; };
		0C4ADA762110AEF4002C3EA3 /* DashboardCell.swift in Sources */ = {isa = PBXBuildFile; fileRef = 0C4ADA752110AEF4002C3EA3 /* DashboardCell.swift */; };
		0C4ADA782110BE18002C3EA3 /* LabelExtensions.swift in Sources */ = {isa = PBXBuildFile; fileRef = 0C4ADA772110BE18002C3EA3 /* LabelExtensions.swift */; };
		0C4ADA7A21120320002C3EA3 /* JobsManager.swift in Sources */ = {isa = PBXBuildFile; fileRef = 0C4ADA7921120320002C3EA3 /* JobsManager.swift */; };
		0CCF22B82107390800612D5B /* LoginVC.swift in Sources */ = {isa = PBXBuildFile; fileRef = 0CCF22B62107390800612D5B /* LoginVC.swift */; };
		0CCF22C0210896AE00612D5B /* FindaAPI.swift in Sources */ = {isa = PBXBuildFile; fileRef = 0CCF22BF210896AE00612D5B /* FindaAPI.swift */; };
		0CCF22CB21089A8D00612D5B /* ReachabilityManager.swift in Sources */ = {isa = PBXBuildFile; fileRef = 0CCF22C221089A8C00612D5B /* ReachabilityManager.swift */; };
		0CCF22D621089B6200612D5B /* FindaMoyaTokenPlugin.swift in Sources */ = {isa = PBXBuildFile; fileRef = 0CCF22D421089B6200612D5B /* FindaMoyaTokenPlugin.swift */; };
		0CCF22D721089B6200612D5B /* FindaMoyaHMACPlugin.swift in Sources */ = {isa = PBXBuildFile; fileRef = 0CCF22D521089B6200612D5B /* FindaMoyaHMACPlugin.swift */; };
		0CCF22D92108B25900612D5B /* LoginManager.swift in Sources */ = {isa = PBXBuildFile; fileRef = 0CCF22D82108B25900612D5B /* LoginManager.swift */; };
		0CCF22E42108CF7200612D5B /* TabBarController.swift in Sources */ = {isa = PBXBuildFile; fileRef = 0CCF22E32108CF7200612D5B /* TabBarController.swift */; };
		0CCF22FF2108E42800612D5B /* User+CoreDataProperties.swift in Sources */ = {isa = PBXBuildFile; fileRef = 0CCF22FD2108E42800612D5B /* User+CoreDataProperties.swift */; };
		0CCF23002108E42800612D5B /* User+CoreDataClass.swift in Sources */ = {isa = PBXBuildFile; fileRef = 0CCF22FE2108E42800612D5B /* User+CoreDataClass.swift */; };
		0CCF23022108E7B500612D5B /* CoreDataManager.swift in Sources */ = {isa = PBXBuildFile; fileRef = 0CCF23012108E7B500612D5B /* CoreDataManager.swift */; };
		0CCF23182109BD1200612D5B /* Gotham-XLight.otf in Resources */ = {isa = PBXBuildFile; fileRef = 0CCF23082109BD1100612D5B /* Gotham-XLight.otf */; };
		0CCF23192109BD1200612D5B /* Gotham-Thin.otf in Resources */ = {isa = PBXBuildFile; fileRef = 0CCF23092109BD1100612D5B /* Gotham-Thin.otf */; };
		0CCF231A2109BD1200612D5B /* Gotham-Black.otf in Resources */ = {isa = PBXBuildFile; fileRef = 0CCF230A2109BD1100612D5B /* Gotham-Black.otf */; };
		0CCF231B2109BD1200612D5B /* Gotham-XLightItalic.otf in Resources */ = {isa = PBXBuildFile; fileRef = 0CCF230B2109BD1100612D5B /* Gotham-XLightItalic.otf */; };
		0CCF231C2109BD1200612D5B /* Gotham-Medium.otf in Resources */ = {isa = PBXBuildFile; fileRef = 0CCF230C2109BD1100612D5B /* Gotham-Medium.otf */; };
		0CCF231D2109BD1200612D5B /* Gotham-Book.otf in Resources */ = {isa = PBXBuildFile; fileRef = 0CCF230D2109BD1100612D5B /* Gotham-Book.otf */; };
		0CCF231E2109BD1200612D5B /* Gotham-UltraItalic.otf in Resources */ = {isa = PBXBuildFile; fileRef = 0CCF230E2109BD1100612D5B /* Gotham-UltraItalic.otf */; };
		0CCF231F2109BD1200612D5B /* Gotham-Bold.otf in Resources */ = {isa = PBXBuildFile; fileRef = 0CCF230F2109BD1100612D5B /* Gotham-Bold.otf */; };
		0CCF23202109BD1200612D5B /* Gotham-Ultra.otf in Resources */ = {isa = PBXBuildFile; fileRef = 0CCF23102109BD1100612D5B /* Gotham-Ultra.otf */; };
		0CCF23212109BD1200612D5B /* Gotham-LightItalic.otf in Resources */ = {isa = PBXBuildFile; fileRef = 0CCF23112109BD1100612D5B /* Gotham-LightItalic.otf */; };
		0CCF23222109BD1200612D5B /* Gotham-ThinItalic.otf in Resources */ = {isa = PBXBuildFile; fileRef = 0CCF23122109BD1100612D5B /* Gotham-ThinItalic.otf */; };
		0CCF23232109BD1200612D5B /* Gotham-Light.otf in Resources */ = {isa = PBXBuildFile; fileRef = 0CCF23132109BD1100612D5B /* Gotham-Light.otf */; };
		0CCF23242109BD1200612D5B /* Gotham-BoldItalic.otf in Resources */ = {isa = PBXBuildFile; fileRef = 0CCF23142109BD1100612D5B /* Gotham-BoldItalic.otf */; };
		0CCF23252109BD1200612D5B /* Gotham-BookItalic.otf in Resources */ = {isa = PBXBuildFile; fileRef = 0CCF23152109BD1100612D5B /* Gotham-BookItalic.otf */; };
		0CCF23262109BD1200612D5B /* Gotham-BlackItalic.otf in Resources */ = {isa = PBXBuildFile; fileRef = 0CCF23162109BD1100612D5B /* Gotham-BlackItalic.otf */; };
		0CCF23272109BD1200612D5B /* Gotham-MediumItalic.otf in Resources */ = {isa = PBXBuildFile; fileRef = 0CCF23172109BD1100612D5B /* Gotham-MediumItalic.otf */; };
		0CCF232B2109E61300612D5B /* TermDataManager.swift in Sources */ = {isa = PBXBuildFile; fileRef = 0CCF232A2109E61300612D5B /* TermDataManager.swift */; };
		0CCF233C210A7F1000612D5B /* FontExtensions.swift in Sources */ = {isa = PBXBuildFile; fileRef = 0CCF2339210A7F1000612D5B /* FontExtensions.swift */; };
		0CCF233D210A7F1000612D5B /* TextFieldExtensions.swift in Sources */ = {isa = PBXBuildFile; fileRef = 0CCF233A210A7F1000612D5B /* TextFieldExtensions.swift */; };
		0CCF233E210A7F1000612D5B /* BaseCellExtensions.swift in Sources */ = {isa = PBXBuildFile; fileRef = 0CCF233B210A7F1000612D5B /* BaseCellExtensions.swift */; };
		0CCF2340210A861B00612D5B /* PersonalDetailsVC.swift in Sources */ = {isa = PBXBuildFile; fileRef = 0CCF233F210A861B00612D5B /* PersonalDetailsVC.swift */; };
		0CCF2342210A86B300612D5B /* DashboardVC.swift in Sources */ = {isa = PBXBuildFile; fileRef = 0CCF2341210A86B300612D5B /* DashboardVC.swift */; };
		0CCF2345210B1C7C00612D5B /* SideMenuCell.swift in Sources */ = {isa = PBXBuildFile; fileRef = 0CCF2344210B1C7C00612D5B /* SideMenuCell.swift */; };
		0CCF2347210B1CE400612D5B /* SideMenuVC.swift in Sources */ = {isa = PBXBuildFile; fileRef = 0CCF2346210B1CE400612D5B /* SideMenuVC.swift */; };
		0CCF2349210B297A00612D5B /* MeasurementsVC.swift in Sources */ = {isa = PBXBuildFile; fileRef = 0CCF2348210B297A00612D5B /* MeasurementsVC.swift */; };
		0CCF234B210CC61800612D5B /* PreferencesVC.swift in Sources */ = {isa = PBXBuildFile; fileRef = 0CCF234A210CC61800612D5B /* PreferencesVC.swift */; };
		0CCF234D210D070600612D5B /* StringExtensions.swift in Sources */ = {isa = PBXBuildFile; fileRef = 0CCF234C210D070600612D5B /* StringExtensions.swift */; };
		0CCF2350210DDB2600612D5B /* Profile+CoreDataClass.swift in Sources */ = {isa = PBXBuildFile; fileRef = 0CCF234E210DDB2500612D5B /* Profile+CoreDataClass.swift */; };
		0CCF2351210DDB2600612D5B /* Profile+CoreDataProperties.swift in Sources */ = {isa = PBXBuildFile; fileRef = 0CCF234F210DDB2500612D5B /* Profile+CoreDataProperties.swift */; };
		0CCF2353210DE56B00612D5B /* PickerDelegate.swift in Sources */ = {isa = PBXBuildFile; fileRef = 0CCF2352210DE56B00612D5B /* PickerDelegate.swift */; };
		0CCF2355210DFD3D00612D5B /* NavBar.swift in Sources */ = {isa = PBXBuildFile; fileRef = 0CCF2354210DFD3D00612D5B /* NavBar.swift */; };
		0CCF2358210E033C00612D5B /* ModelRegisterVC.swift in Sources */ = {isa = PBXBuildFile; fileRef = 0CCF2357210E033C00612D5B /* ModelRegisterVC.swift */; };
		0CCF235A210E034B00612D5B /* ClientRegisterVC.swift in Sources */ = {isa = PBXBuildFile; fileRef = 0CCF2359210E034B00612D5B /* ClientRegisterVC.swift */; };
		0CCF235C210E06CA00612D5B /* ViewControllerExtensions.swift in Sources */ = {isa = PBXBuildFile; fileRef = 0CCF235B210E06CA00612D5B /* ViewControllerExtensions.swift */; };
		0CCF235E210E4FCC00612D5B /* RegisterOptionVC.swift in Sources */ = {isa = PBXBuildFile; fileRef = 0CCF235D210E4FCB00612D5B /* RegisterOptionVC.swift */; };
		0CEBCB4A21071AD0004CC4D8 /* AppDelegate.swift in Sources */ = {isa = PBXBuildFile; fileRef = 0CEBCB4921071AD0004CC4D8 /* AppDelegate.swift */; };
		0CEBCB4F21071AD0004CC4D8 /* Main.storyboard in Resources */ = {isa = PBXBuildFile; fileRef = 0CEBCB4D21071AD0004CC4D8 /* Main.storyboard */; };
		0CEBCB5221071AD0004CC4D8 /* Finda.xcdatamodeld in Sources */ = {isa = PBXBuildFile; fileRef = 0CEBCB5021071AD0004CC4D8 /* Finda.xcdatamodeld */; };
		0CEBCB5421071AD1004CC4D8 /* Assets.xcassets in Resources */ = {isa = PBXBuildFile; fileRef = 0CEBCB5321071AD1004CC4D8 /* Assets.xcassets */; };
		0CEBCB5721071AD1004CC4D8 /* LaunchScreen.storyboard in Resources */ = {isa = PBXBuildFile; fileRef = 0CEBCB5521071AD1004CC4D8 /* LaunchScreen.storyboard */; };
		0CEBCB6221071AD1004CC4D8 /* FindaTests.swift in Sources */ = {isa = PBXBuildFile; fileRef = 0CEBCB6121071AD1004CC4D8 /* FindaTests.swift */; };
		0CEBCB6D21071AD1004CC4D8 /* FindaUITests.swift in Sources */ = {isa = PBXBuildFile; fileRef = 0CEBCB6C21071AD1004CC4D8 /* FindaUITests.swift */; };
		0CEBCB7D21072C31004CC4D8 /* Media.xcassets in Resources */ = {isa = PBXBuildFile; fileRef = 0CEBCB7C21072C31004CC4D8 /* Media.xcassets */; };
		0CEBCB7F21072F46004CC4D8 /* UIColor+FindaColours.swift in Sources */ = {isa = PBXBuildFile; fileRef = 0CEBCB7E21072F46004CC4D8 /* UIColor+FindaColours.swift */; };
		566DDE756A5363F72310C15F /* Pods_FindaUITests.framework in Frameworks */ = {isa = PBXBuildFile; fileRef = 5FB282E912077D90FEEF6C36 /* Pods_FindaUITests.framework */; };
		A6BF3637B588035A71C009C0 /* Pods_FindaTests.framework in Frameworks */ = {isa = PBXBuildFile; fileRef = 4A0F905557E39DEFF71CB749 /* Pods_FindaTests.framework */; };
		D6BD959D87F08E75B89A41D1 /* Pods_Finda.framework in Frameworks */ = {isa = PBXBuildFile; fileRef = 04EEB8FB6543252924F78E91 /* Pods_Finda.framework */; };
/* End PBXBuildFile section */

/* Begin PBXContainerItemProxy section */
		0CEBCB5E21071AD1004CC4D8 /* PBXContainerItemProxy */ = {
			isa = PBXContainerItemProxy;
			containerPortal = 0CEBCB3E21071AD0004CC4D8 /* Project object */;
			proxyType = 1;
			remoteGlobalIDString = 0CEBCB4521071AD0004CC4D8;
			remoteInfo = Finda;
		};
		0CEBCB6921071AD1004CC4D8 /* PBXContainerItemProxy */ = {
			isa = PBXContainerItemProxy;
			containerPortal = 0CEBCB3E21071AD0004CC4D8 /* Project object */;
			proxyType = 1;
			remoteGlobalIDString = 0CEBCB4521071AD0004CC4D8;
			remoteInfo = Finda;
		};
/* End PBXContainerItemProxy section */

/* Begin PBXFileReference section */
		0288E199D06E667D702BCB7E /* Pods-FindaUITests.debug.xcconfig */ = {isa = PBXFileReference; includeInIndex = 1; lastKnownFileType = text.xcconfig; name = "Pods-FindaUITests.debug.xcconfig"; path = "Pods/Target Support Files/Pods-FindaUITests/Pods-FindaUITests.debug.xcconfig"; sourceTree = "<group>"; };
		035913A7088946EBA06AFD9E /* Pods-FindaTests.release.xcconfig */ = {isa = PBXFileReference; includeInIndex = 1; lastKnownFileType = text.xcconfig; name = "Pods-FindaTests.release.xcconfig"; path = "Pods/Target Support Files/Pods-FindaTests/Pods-FindaTests.release.xcconfig"; sourceTree = "<group>"; };
		04EEB8FB6543252924F78E91 /* Pods_Finda.framework */ = {isa = PBXFileReference; explicitFileType = wrapper.framework; includeInIndex = 0; path = Pods_Finda.framework; sourceTree = BUILT_PRODUCTS_DIR; };
		0C4ADA60210F4492002C3EA3 /* RegisterFooter.swift */ = {isa = PBXFileReference; lastKnownFileType = sourcecode.swift; path = RegisterFooter.swift; sourceTree = "<group>"; };
		0C4ADA62210F4549002C3EA3 /* RegisterHeader.swift */ = {isa = PBXFileReference; lastKnownFileType = sourcecode.swift; path = RegisterHeader.swift; sourceTree = "<group>"; };
		0C4ADA6721107E54002C3EA3 /* ModelManager.swift */ = {isa = PBXFileReference; lastKnownFileType = sourcecode.swift; path = ModelManager.swift; sourceTree = "<group>"; };
		0C4ADA6921107EF5002C3EA3 /* RegisterManager.swift */ = {isa = PBXFileReference; lastKnownFileType = sourcecode.swift; path = RegisterManager.swift; sourceTree = "<group>"; };
		0C4ADA6F211090C4002C3EA3 /* Preferences+CoreDataProperties.swift */ = {isa = PBXFileReference; fileEncoding = 4; lastKnownFileType = sourcecode.swift; path = "Preferences+CoreDataProperties.swift"; sourceTree = "<group>"; };
		0C4ADA70211090C4002C3EA3 /* Preferences+CoreDataClass.swift */ = {isa = PBXFileReference; fileEncoding = 4; lastKnownFileType = sourcecode.swift; path = "Preferences+CoreDataClass.swift"; sourceTree = "<group>"; };
		0C4ADA732110A450002C3EA3 /* UserStatus.swift */ = {isa = PBXFileReference; lastKnownFileType = sourcecode.swift; path = UserStatus.swift; sourceTree = "<group>"; };
		0C4ADA752110AEF4002C3EA3 /* DashboardCell.swift */ = {isa = PBXFileReference; lastKnownFileType = sourcecode.swift; path = DashboardCell.swift; sourceTree = "<group>"; };
		0C4ADA772110BE18002C3EA3 /* LabelExtensions.swift */ = {isa = PBXFileReference; lastKnownFileType = sourcecode.swift; path = LabelExtensions.swift; sourceTree = "<group>"; };
		0C4ADA7921120320002C3EA3 /* JobsManager.swift */ = {isa = PBXFileReference; lastKnownFileType = sourcecode.swift; path = JobsManager.swift; sourceTree = "<group>"; };
		0CCF22B62107390800612D5B /* LoginVC.swift */ = {isa = PBXFileReference; fileEncoding = 4; lastKnownFileType = sourcecode.swift; path = LoginVC.swift; sourceTree = "<group>"; };
		0CCF22BF210896AE00612D5B /* FindaAPI.swift */ = {isa = PBXFileReference; fileEncoding = 4; lastKnownFileType = sourcecode.swift; path = FindaAPI.swift; sourceTree = "<group>"; };
		0CCF22C221089A8C00612D5B /* ReachabilityManager.swift */ = {isa = PBXFileReference; fileEncoding = 4; lastKnownFileType = sourcecode.swift; path = ReachabilityManager.swift; sourceTree = "<group>"; };
		0CCF22D421089B6200612D5B /* FindaMoyaTokenPlugin.swift */ = {isa = PBXFileReference; fileEncoding = 4; lastKnownFileType = sourcecode.swift; path = FindaMoyaTokenPlugin.swift; sourceTree = "<group>"; };
		0CCF22D521089B6200612D5B /* FindaMoyaHMACPlugin.swift */ = {isa = PBXFileReference; fileEncoding = 4; lastKnownFileType = sourcecode.swift; path = FindaMoyaHMACPlugin.swift; sourceTree = "<group>"; };
		0CCF22D82108B25900612D5B /* LoginManager.swift */ = {isa = PBXFileReference; lastKnownFileType = sourcecode.swift; path = LoginManager.swift; sourceTree = "<group>"; };
		0CCF22E32108CF7200612D5B /* TabBarController.swift */ = {isa = PBXFileReference; lastKnownFileType = sourcecode.swift; path = TabBarController.swift; sourceTree = "<group>"; };
		0CCF22FD2108E42800612D5B /* User+CoreDataProperties.swift */ = {isa = PBXFileReference; fileEncoding = 4; lastKnownFileType = sourcecode.swift; path = "User+CoreDataProperties.swift"; sourceTree = "<group>"; };
		0CCF22FE2108E42800612D5B /* User+CoreDataClass.swift */ = {isa = PBXFileReference; fileEncoding = 4; lastKnownFileType = sourcecode.swift; path = "User+CoreDataClass.swift"; sourceTree = "<group>"; };
		0CCF23012108E7B500612D5B /* CoreDataManager.swift */ = {isa = PBXFileReference; lastKnownFileType = sourcecode.swift; path = CoreDataManager.swift; sourceTree = "<group>"; };
		0CCF23082109BD1100612D5B /* Gotham-XLight.otf */ = {isa = PBXFileReference; lastKnownFileType = file; path = "Gotham-XLight.otf"; sourceTree = "<group>"; };
		0CCF23092109BD1100612D5B /* Gotham-Thin.otf */ = {isa = PBXFileReference; lastKnownFileType = file; path = "Gotham-Thin.otf"; sourceTree = "<group>"; };
		0CCF230A2109BD1100612D5B /* Gotham-Black.otf */ = {isa = PBXFileReference; lastKnownFileType = file; path = "Gotham-Black.otf"; sourceTree = "<group>"; };
		0CCF230B2109BD1100612D5B /* Gotham-XLightItalic.otf */ = {isa = PBXFileReference; lastKnownFileType = file; path = "Gotham-XLightItalic.otf"; sourceTree = "<group>"; };
		0CCF230C2109BD1100612D5B /* Gotham-Medium.otf */ = {isa = PBXFileReference; lastKnownFileType = file; path = "Gotham-Medium.otf"; sourceTree = "<group>"; };
		0CCF230D2109BD1100612D5B /* Gotham-Book.otf */ = {isa = PBXFileReference; lastKnownFileType = file; path = "Gotham-Book.otf"; sourceTree = "<group>"; };
		0CCF230E2109BD1100612D5B /* Gotham-UltraItalic.otf */ = {isa = PBXFileReference; lastKnownFileType = file; path = "Gotham-UltraItalic.otf"; sourceTree = "<group>"; };
		0CCF230F2109BD1100612D5B /* Gotham-Bold.otf */ = {isa = PBXFileReference; lastKnownFileType = file; path = "Gotham-Bold.otf"; sourceTree = "<group>"; };
		0CCF23102109BD1100612D5B /* Gotham-Ultra.otf */ = {isa = PBXFileReference; lastKnownFileType = file; path = "Gotham-Ultra.otf"; sourceTree = "<group>"; };
		0CCF23112109BD1100612D5B /* Gotham-LightItalic.otf */ = {isa = PBXFileReference; lastKnownFileType = file; path = "Gotham-LightItalic.otf"; sourceTree = "<group>"; };
		0CCF23122109BD1100612D5B /* Gotham-ThinItalic.otf */ = {isa = PBXFileReference; lastKnownFileType = file; path = "Gotham-ThinItalic.otf"; sourceTree = "<group>"; };
		0CCF23132109BD1100612D5B /* Gotham-Light.otf */ = {isa = PBXFileReference; lastKnownFileType = file; path = "Gotham-Light.otf"; sourceTree = "<group>"; };
		0CCF23142109BD1100612D5B /* Gotham-BoldItalic.otf */ = {isa = PBXFileReference; lastKnownFileType = file; path = "Gotham-BoldItalic.otf"; sourceTree = "<group>"; };
		0CCF23152109BD1100612D5B /* Gotham-BookItalic.otf */ = {isa = PBXFileReference; lastKnownFileType = file; path = "Gotham-BookItalic.otf"; sourceTree = "<group>"; };
		0CCF23162109BD1100612D5B /* Gotham-BlackItalic.otf */ = {isa = PBXFileReference; lastKnownFileType = file; path = "Gotham-BlackItalic.otf"; sourceTree = "<group>"; };
		0CCF23172109BD1100612D5B /* Gotham-MediumItalic.otf */ = {isa = PBXFileReference; lastKnownFileType = file; path = "Gotham-MediumItalic.otf"; sourceTree = "<group>"; };
		0CCF232A2109E61300612D5B /* TermDataManager.swift */ = {isa = PBXFileReference; lastKnownFileType = sourcecode.swift; path = TermDataManager.swift; sourceTree = "<group>"; };
		0CCF2339210A7F1000612D5B /* FontExtensions.swift */ = {isa = PBXFileReference; fileEncoding = 4; lastKnownFileType = sourcecode.swift; path = FontExtensions.swift; sourceTree = "<group>"; };
		0CCF233A210A7F1000612D5B /* TextFieldExtensions.swift */ = {isa = PBXFileReference; fileEncoding = 4; lastKnownFileType = sourcecode.swift; path = TextFieldExtensions.swift; sourceTree = "<group>"; };
		0CCF233B210A7F1000612D5B /* BaseCellExtensions.swift */ = {isa = PBXFileReference; fileEncoding = 4; lastKnownFileType = sourcecode.swift; path = BaseCellExtensions.swift; sourceTree = "<group>"; };
		0CCF233F210A861B00612D5B /* PersonalDetailsVC.swift */ = {isa = PBXFileReference; lastKnownFileType = sourcecode.swift; path = PersonalDetailsVC.swift; sourceTree = "<group>"; };
		0CCF2341210A86B300612D5B /* DashboardVC.swift */ = {isa = PBXFileReference; lastKnownFileType = sourcecode.swift; path = DashboardVC.swift; sourceTree = "<group>"; };
		0CCF2344210B1C7C00612D5B /* SideMenuCell.swift */ = {isa = PBXFileReference; lastKnownFileType = sourcecode.swift; path = SideMenuCell.swift; sourceTree = "<group>"; };
		0CCF2346210B1CE400612D5B /* SideMenuVC.swift */ = {isa = PBXFileReference; lastKnownFileType = sourcecode.swift; path = SideMenuVC.swift; sourceTree = "<group>"; };
		0CCF2348210B297A00612D5B /* MeasurementsVC.swift */ = {isa = PBXFileReference; lastKnownFileType = sourcecode.swift; path = MeasurementsVC.swift; sourceTree = "<group>"; };
		0CCF234A210CC61800612D5B /* PreferencesVC.swift */ = {isa = PBXFileReference; lastKnownFileType = sourcecode.swift; path = PreferencesVC.swift; sourceTree = "<group>"; };
		0CCF234C210D070600612D5B /* StringExtensions.swift */ = {isa = PBXFileReference; lastKnownFileType = sourcecode.swift; path = StringExtensions.swift; sourceTree = "<group>"; };
		0CCF234E210DDB2500612D5B /* Profile+CoreDataClass.swift */ = {isa = PBXFileReference; lastKnownFileType = sourcecode.swift; path = "Profile+CoreDataClass.swift"; sourceTree = "<group>"; };
		0CCF234F210DDB2500612D5B /* Profile+CoreDataProperties.swift */ = {isa = PBXFileReference; lastKnownFileType = sourcecode.swift; path = "Profile+CoreDataProperties.swift"; sourceTree = "<group>"; };
		0CCF2352210DE56B00612D5B /* PickerDelegate.swift */ = {isa = PBXFileReference; lastKnownFileType = sourcecode.swift; path = PickerDelegate.swift; sourceTree = "<group>"; };
		0CCF2354210DFD3D00612D5B /* NavBar.swift */ = {isa = PBXFileReference; lastKnownFileType = sourcecode.swift; path = NavBar.swift; sourceTree = "<group>"; };
		0CCF2357210E033C00612D5B /* ModelRegisterVC.swift */ = {isa = PBXFileReference; lastKnownFileType = sourcecode.swift; path = ModelRegisterVC.swift; sourceTree = "<group>"; };
		0CCF2359210E034B00612D5B /* ClientRegisterVC.swift */ = {isa = PBXFileReference; lastKnownFileType = sourcecode.swift; path = ClientRegisterVC.swift; sourceTree = "<group>"; };
		0CCF235B210E06CA00612D5B /* ViewControllerExtensions.swift */ = {isa = PBXFileReference; lastKnownFileType = sourcecode.swift; path = ViewControllerExtensions.swift; sourceTree = "<group>"; };
		0CCF235D210E4FCB00612D5B /* RegisterOptionVC.swift */ = {isa = PBXFileReference; lastKnownFileType = sourcecode.swift; path = RegisterOptionVC.swift; sourceTree = "<group>"; };
		0CEBCB4621071AD0004CC4D8 /* Finda.app */ = {isa = PBXFileReference; explicitFileType = wrapper.application; includeInIndex = 0; path = Finda.app; sourceTree = BUILT_PRODUCTS_DIR; };
		0CEBCB4921071AD0004CC4D8 /* AppDelegate.swift */ = {isa = PBXFileReference; lastKnownFileType = sourcecode.swift; path = AppDelegate.swift; sourceTree = "<group>"; };
		0CEBCB4E21071AD0004CC4D8 /* Base */ = {isa = PBXFileReference; lastKnownFileType = file.storyboard; name = Base; path = Base.lproj/Main.storyboard; sourceTree = "<group>"; };
		0CEBCB5121071AD0004CC4D8 /* Finda.xcdatamodel */ = {isa = PBXFileReference; lastKnownFileType = wrapper.xcdatamodel; path = Finda.xcdatamodel; sourceTree = "<group>"; };
		0CEBCB5321071AD1004CC4D8 /* Assets.xcassets */ = {isa = PBXFileReference; lastKnownFileType = folder.assetcatalog; path = Assets.xcassets; sourceTree = "<group>"; };
		0CEBCB5621071AD1004CC4D8 /* Base */ = {isa = PBXFileReference; lastKnownFileType = file.storyboard; name = Base; path = Base.lproj/LaunchScreen.storyboard; sourceTree = "<group>"; };
		0CEBCB5821071AD1004CC4D8 /* Info.plist */ = {isa = PBXFileReference; lastKnownFileType = text.plist.xml; path = Info.plist; sourceTree = "<group>"; };
		0CEBCB5D21071AD1004CC4D8 /* FindaTests.xctest */ = {isa = PBXFileReference; explicitFileType = wrapper.cfbundle; includeInIndex = 0; path = FindaTests.xctest; sourceTree = BUILT_PRODUCTS_DIR; };
		0CEBCB6121071AD1004CC4D8 /* FindaTests.swift */ = {isa = PBXFileReference; lastKnownFileType = sourcecode.swift; path = FindaTests.swift; sourceTree = "<group>"; };
		0CEBCB6321071AD1004CC4D8 /* Info.plist */ = {isa = PBXFileReference; lastKnownFileType = text.plist.xml; path = Info.plist; sourceTree = "<group>"; };
		0CEBCB6821071AD1004CC4D8 /* FindaUITests.xctest */ = {isa = PBXFileReference; explicitFileType = wrapper.cfbundle; includeInIndex = 0; path = FindaUITests.xctest; sourceTree = BUILT_PRODUCTS_DIR; };
		0CEBCB6C21071AD1004CC4D8 /* FindaUITests.swift */ = {isa = PBXFileReference; lastKnownFileType = sourcecode.swift; path = FindaUITests.swift; sourceTree = "<group>"; };
		0CEBCB6E21071AD1004CC4D8 /* Info.plist */ = {isa = PBXFileReference; lastKnownFileType = text.plist.xml; path = Info.plist; sourceTree = "<group>"; };
		0CEBCB7C21072C31004CC4D8 /* Media.xcassets */ = {isa = PBXFileReference; lastKnownFileType = folder.assetcatalog; path = Media.xcassets; sourceTree = "<group>"; };
		0CEBCB7E21072F46004CC4D8 /* UIColor+FindaColours.swift */ = {isa = PBXFileReference; fileEncoding = 4; lastKnownFileType = sourcecode.swift; path = "UIColor+FindaColours.swift"; sourceTree = "<group>"; };
		2140CF5325222B660D04F75E /* Pods-Finda.release.xcconfig */ = {isa = PBXFileReference; includeInIndex = 1; lastKnownFileType = text.xcconfig; name = "Pods-Finda.release.xcconfig"; path = "Pods/Target Support Files/Pods-Finda/Pods-Finda.release.xcconfig"; sourceTree = "<group>"; };
		341BD77F58966C7AFB8BF641 /* Pods-Finda.debug.xcconfig */ = {isa = PBXFileReference; includeInIndex = 1; lastKnownFileType = text.xcconfig; name = "Pods-Finda.debug.xcconfig"; path = "Pods/Target Support Files/Pods-Finda/Pods-Finda.debug.xcconfig"; sourceTree = "<group>"; };
		3E1B7F1EF255DBF716E70F99 /* Pods-FindaTests.debug.xcconfig */ = {isa = PBXFileReference; includeInIndex = 1; lastKnownFileType = text.xcconfig; name = "Pods-FindaTests.debug.xcconfig"; path = "Pods/Target Support Files/Pods-FindaTests/Pods-FindaTests.debug.xcconfig"; sourceTree = "<group>"; };
		4A0F905557E39DEFF71CB749 /* Pods_FindaTests.framework */ = {isa = PBXFileReference; explicitFileType = wrapper.framework; includeInIndex = 0; path = Pods_FindaTests.framework; sourceTree = BUILT_PRODUCTS_DIR; };
		5FB282E912077D90FEEF6C36 /* Pods_FindaUITests.framework */ = {isa = PBXFileReference; explicitFileType = wrapper.framework; includeInIndex = 0; path = Pods_FindaUITests.framework; sourceTree = BUILT_PRODUCTS_DIR; };
		7705A2C8D63BCB785BD88416 /* Pods-FindaUITests.release.xcconfig */ = {isa = PBXFileReference; includeInIndex = 1; lastKnownFileType = text.xcconfig; name = "Pods-FindaUITests.release.xcconfig"; path = "Pods/Target Support Files/Pods-FindaUITests/Pods-FindaUITests.release.xcconfig"; sourceTree = "<group>"; };
/* End PBXFileReference section */

/* Begin PBXFrameworksBuildPhase section */
		0CEBCB4321071AD0004CC4D8 /* Frameworks */ = {
			isa = PBXFrameworksBuildPhase;
			buildActionMask = 2147483647;
			files = (
				D6BD959D87F08E75B89A41D1 /* Pods_Finda.framework in Frameworks */,
			);
			runOnlyForDeploymentPostprocessing = 0;
		};
		0CEBCB5A21071AD1004CC4D8 /* Frameworks */ = {
			isa = PBXFrameworksBuildPhase;
			buildActionMask = 2147483647;
			files = (
				A6BF3637B588035A71C009C0 /* Pods_FindaTests.framework in Frameworks */,
			);
			runOnlyForDeploymentPostprocessing = 0;
		};
		0CEBCB6521071AD1004CC4D8 /* Frameworks */ = {
			isa = PBXFrameworksBuildPhase;
			buildActionMask = 2147483647;
			files = (
				566DDE756A5363F72310C15F /* Pods_FindaUITests.framework in Frameworks */,
			);
			runOnlyForDeploymentPostprocessing = 0;
		};
/* End PBXFrameworksBuildPhase section */

/* Begin PBXGroup section */
		0CCF22B52107390800612D5B /* ViewControllers */ = {
			isa = PBXGroup;
			children = (
				0CCF22B62107390800612D5B /* LoginVC.swift */,
				0CCF2341210A86B300612D5B /* DashboardVC.swift */,
				0C4ADA752110AEF4002C3EA3 /* DashboardCell.swift */,
				0CCF233F210A861B00612D5B /* PersonalDetailsVC.swift */,
				0CCF2348210B297A00612D5B /* MeasurementsVC.swift */,
				0CCF234A210CC61800612D5B /* PreferencesVC.swift */,
				0CCF2356210E032100612D5B /* Register */,
				0CCF2343210B1C6700612D5B /* SideMenu */,
			);
			path = ViewControllers;
			sourceTree = "<group>";
		};
		0CCF22BE210896A200612D5B /* Managers */ = {
			isa = PBXGroup;
			children = (
				0CCF22BF210896AE00612D5B /* FindaAPI.swift */,
				0CCF22D82108B25900612D5B /* LoginManager.swift */,
				0C4ADA6721107E54002C3EA3 /* ModelManager.swift */,
				0C4ADA7921120320002C3EA3 /* JobsManager.swift */,
				0C4ADA6921107EF5002C3EA3 /* RegisterManager.swift */,
				0CCF232A2109E61300612D5B /* TermDataManager.swift */,
				0CCF23012108E7B500612D5B /* CoreDataManager.swift */,
				0CCF22C221089A8C00612D5B /* ReachabilityManager.swift */,
			);
			path = Managers;
			sourceTree = "<group>";
		};
		0CCF22D321089B5500612D5B /* Moya Plugins */ = {
			isa = PBXGroup;
			children = (
				0CCF22D521089B6200612D5B /* FindaMoyaHMACPlugin.swift */,
				0CCF22D421089B6200612D5B /* FindaMoyaTokenPlugin.swift */,
			);
			path = "Moya Plugins";
			sourceTree = "<group>";
		};
		0CCF22DA2108B55900612D5B /* Models */ = {
			isa = PBXGroup;
			children = (
				0CCF22DB2108B56F00612D5B /* Data */,
				0CCF22DC2108B57400612D5B /* Responses */,
			);
			path = Models;
			sourceTree = "<group>";
		};
		0CCF22DB2108B56F00612D5B /* Data */ = {
			isa = PBXGroup;
			children = (
				0CCF22FE2108E42800612D5B /* User+CoreDataClass.swift */,
				0CCF22FD2108E42800612D5B /* User+CoreDataProperties.swift */,
				0CCF234E210DDB2500612D5B /* Profile+CoreDataClass.swift */,
				0CCF234F210DDB2500612D5B /* Profile+CoreDataProperties.swift */,
				0C4ADA70211090C4002C3EA3 /* Preferences+CoreDataClass.swift */,
				0C4ADA6F211090C4002C3EA3 /* Preferences+CoreDataProperties.swift */,
			);
			path = Data;
			sourceTree = "<group>";
		};
		0CCF22DC2108B57400612D5B /* Responses */ = {
			isa = PBXGroup;
			children = (
			);
			path = Responses;
			sourceTree = "<group>";
		};
		0CCF23062109BD1100612D5B /* Resource */ = {
			isa = PBXGroup;
			children = (
				0CCF23072109BD1100612D5B /* Fonts */,
			);
			path = Resource;
			sourceTree = "<group>";
		};
		0CCF23072109BD1100612D5B /* Fonts */ = {
			isa = PBXGroup;
			children = (
				0CCF23082109BD1100612D5B /* Gotham-XLight.otf */,
				0CCF23092109BD1100612D5B /* Gotham-Thin.otf */,
				0CCF230A2109BD1100612D5B /* Gotham-Black.otf */,
				0CCF230B2109BD1100612D5B /* Gotham-XLightItalic.otf */,
				0CCF230C2109BD1100612D5B /* Gotham-Medium.otf */,
				0CCF230D2109BD1100612D5B /* Gotham-Book.otf */,
				0CCF230E2109BD1100612D5B /* Gotham-UltraItalic.otf */,
				0CCF230F2109BD1100612D5B /* Gotham-Bold.otf */,
				0CCF23102109BD1100612D5B /* Gotham-Ultra.otf */,
				0CCF23112109BD1100612D5B /* Gotham-LightItalic.otf */,
				0CCF23122109BD1100612D5B /* Gotham-ThinItalic.otf */,
				0CCF23132109BD1100612D5B /* Gotham-Light.otf */,
				0CCF23142109BD1100612D5B /* Gotham-BoldItalic.otf */,
				0CCF23152109BD1100612D5B /* Gotham-BookItalic.otf */,
				0CCF23162109BD1100612D5B /* Gotham-BlackItalic.otf */,
				0CCF23172109BD1100612D5B /* Gotham-MediumItalic.otf */,
			);
			path = Fonts;
			sourceTree = "<group>";
		};
		0CCF2338210A7F1000612D5B /* Extensions */ = {
			isa = PBXGroup;
			children = (
				0CCF2339210A7F1000612D5B /* FontExtensions.swift */,
				0CCF235B210E06CA00612D5B /* ViewControllerExtensions.swift */,
				0CCF233A210A7F1000612D5B /* TextFieldExtensions.swift */,
				0CCF234C210D070600612D5B /* StringExtensions.swift */,
				0C4ADA772110BE18002C3EA3 /* LabelExtensions.swift */,
				0CCF233B210A7F1000612D5B /* BaseCellExtensions.swift */,
			);
			path = Extensions;
			sourceTree = "<group>";
		};
		0CCF2343210B1C6700612D5B /* SideMenu */ = {
			isa = PBXGroup;
			children = (
				0CCF2346210B1CE400612D5B /* SideMenuVC.swift */,
				0CCF2344210B1C7C00612D5B /* SideMenuCell.swift */,
			);
			path = SideMenu;
			sourceTree = "<group>";
		};
		0CCF2356210E032100612D5B /* Register */ = {
			isa = PBXGroup;
			children = (
				0CCF2357210E033C00612D5B /* ModelRegisterVC.swift */,
				0CCF2359210E034B00612D5B /* ClientRegisterVC.swift */,
				0CCF235D210E4FCB00612D5B /* RegisterOptionVC.swift */,
				0C4ADA60210F4492002C3EA3 /* RegisterFooter.swift */,
				0C4ADA62210F4549002C3EA3 /* RegisterHeader.swift */,
			);
			path = Register;
			sourceTree = "<group>";
		};
		0CEBCB3D21071AD0004CC4D8 = {
			isa = PBXGroup;
			children = (
				0CEBCB4821071AD0004CC4D8 /* Finda */,
				0CEBCB6021071AD1004CC4D8 /* FindaTests */,
				0CEBCB6B21071AD1004CC4D8 /* FindaUITests */,
				0CEBCB4721071AD0004CC4D8 /* Products */,
				AFAA9367A94CA9F47F4821C0 /* Pods */,
				8D7FEAF78D23FC69FBA4C5CE /* Frameworks */,
			);
			sourceTree = "<group>";
		};
		0CEBCB4721071AD0004CC4D8 /* Products */ = {
			isa = PBXGroup;
			children = (
				0CEBCB4621071AD0004CC4D8 /* Finda.app */,
				0CEBCB5D21071AD1004CC4D8 /* FindaTests.xctest */,
				0CEBCB6821071AD1004CC4D8 /* FindaUITests.xctest */,
			);
			name = Products;
			sourceTree = "<group>";
		};
		0CEBCB4821071AD0004CC4D8 /* Finda */ = {
			isa = PBXGroup;
			children = (
				0CEBCB4921071AD0004CC4D8 /* AppDelegate.swift */,
				0CCF22B52107390800612D5B /* ViewControllers */,
				0CEBCB4D21071AD0004CC4D8 /* Main.storyboard */,
				0CEBCB5321071AD1004CC4D8 /* Assets.xcassets */,
				0CEBCB5521071AD1004CC4D8 /* LaunchScreen.storyboard */,
				0CEBCB5821071AD1004CC4D8 /* Info.plist */,
				0CCF22E32108CF7200612D5B /* TabBarController.swift */,
				0C4ADA732110A450002C3EA3 /* UserStatus.swift */,
				0CCF22D321089B5500612D5B /* Moya Plugins */,
				0CCF22DA2108B55900612D5B /* Models */,
				0CCF22BE210896A200612D5B /* Managers */,
				0CEBCB5021071AD0004CC4D8 /* Finda.xcdatamodeld */,
				0CEBCB7C21072C31004CC4D8 /* Media.xcassets */,
				0CEBCB7E21072F46004CC4D8 /* UIColor+FindaColours.swift */,
				0CCF2354210DFD3D00612D5B /* NavBar.swift */,
				0CCF2352210DE56B00612D5B /* PickerDelegate.swift */,
				0CCF2338210A7F1000612D5B /* Extensions */,
				0CCF23062109BD1100612D5B /* Resource */,
			);
			path = Finda;
			sourceTree = "<group>";
		};
		0CEBCB6021071AD1004CC4D8 /* FindaTests */ = {
			isa = PBXGroup;
			children = (
				0CEBCB6121071AD1004CC4D8 /* FindaTests.swift */,
				0CEBCB6321071AD1004CC4D8 /* Info.plist */,
			);
			path = FindaTests;
			sourceTree = "<group>";
		};
		0CEBCB6B21071AD1004CC4D8 /* FindaUITests */ = {
			isa = PBXGroup;
			children = (
				0CEBCB6C21071AD1004CC4D8 /* FindaUITests.swift */,
				0CEBCB6E21071AD1004CC4D8 /* Info.plist */,
			);
			path = FindaUITests;
			sourceTree = "<group>";
		};
		8D7FEAF78D23FC69FBA4C5CE /* Frameworks */ = {
			isa = PBXGroup;
			children = (
				04EEB8FB6543252924F78E91 /* Pods_Finda.framework */,
				4A0F905557E39DEFF71CB749 /* Pods_FindaTests.framework */,
				5FB282E912077D90FEEF6C36 /* Pods_FindaUITests.framework */,
			);
			name = Frameworks;
			sourceTree = "<group>";
		};
		AFAA9367A94CA9F47F4821C0 /* Pods */ = {
			isa = PBXGroup;
			children = (
				341BD77F58966C7AFB8BF641 /* Pods-Finda.debug.xcconfig */,
				2140CF5325222B660D04F75E /* Pods-Finda.release.xcconfig */,
				3E1B7F1EF255DBF716E70F99 /* Pods-FindaTests.debug.xcconfig */,
				035913A7088946EBA06AFD9E /* Pods-FindaTests.release.xcconfig */,
				0288E199D06E667D702BCB7E /* Pods-FindaUITests.debug.xcconfig */,
				7705A2C8D63BCB785BD88416 /* Pods-FindaUITests.release.xcconfig */,
			);
			name = Pods;
			sourceTree = "<group>";
		};
/* End PBXGroup section */

/* Begin PBXNativeTarget section */
		0CEBCB4521071AD0004CC4D8 /* Finda */ = {
			isa = PBXNativeTarget;
			buildConfigurationList = 0CEBCB7121071AD1004CC4D8 /* Build configuration list for PBXNativeTarget "Finda" */;
			buildPhases = (
				66D4C80E153F4FDA18DD2D17 /* [CP] Check Pods Manifest.lock */,
				0CEBCB4221071AD0004CC4D8 /* Sources */,
				0CEBCB4321071AD0004CC4D8 /* Frameworks */,
				0CEBCB4421071AD0004CC4D8 /* Resources */,
				E2975F976A6983C535815B8C /* [CP] Embed Pods Frameworks */,
			);
			buildRules = (
			);
			dependencies = (
			);
			name = Finda;
			productName = Finda;
			productReference = 0CEBCB4621071AD0004CC4D8 /* Finda.app */;
			productType = "com.apple.product-type.application";
		};
		0CEBCB5C21071AD1004CC4D8 /* FindaTests */ = {
			isa = PBXNativeTarget;
			buildConfigurationList = 0CEBCB7421071AD1004CC4D8 /* Build configuration list for PBXNativeTarget "FindaTests" */;
			buildPhases = (
				2AF5F4A8B5C72656DA299BEA /* [CP] Check Pods Manifest.lock */,
				0CEBCB5921071AD1004CC4D8 /* Sources */,
				0CEBCB5A21071AD1004CC4D8 /* Frameworks */,
				0CEBCB5B21071AD1004CC4D8 /* Resources */,
			);
			buildRules = (
			);
			dependencies = (
				0CEBCB5F21071AD1004CC4D8 /* PBXTargetDependency */,
			);
			name = FindaTests;
			productName = FindaTests;
			productReference = 0CEBCB5D21071AD1004CC4D8 /* FindaTests.xctest */;
			productType = "com.apple.product-type.bundle.unit-test";
		};
		0CEBCB6721071AD1004CC4D8 /* FindaUITests */ = {
			isa = PBXNativeTarget;
			buildConfigurationList = 0CEBCB7721071AD1004CC4D8 /* Build configuration list for PBXNativeTarget "FindaUITests" */;
			buildPhases = (
				E3A8CEF8CD408C6E2A37C209 /* [CP] Check Pods Manifest.lock */,
				0CEBCB6421071AD1004CC4D8 /* Sources */,
				0CEBCB6521071AD1004CC4D8 /* Frameworks */,
				0CEBCB6621071AD1004CC4D8 /* Resources */,
			);
			buildRules = (
			);
			dependencies = (
				0CEBCB6A21071AD1004CC4D8 /* PBXTargetDependency */,
			);
			name = FindaUITests;
			productName = FindaUITests;
			productReference = 0CEBCB6821071AD1004CC4D8 /* FindaUITests.xctest */;
			productType = "com.apple.product-type.bundle.ui-testing";
		};
/* End PBXNativeTarget section */

/* Begin PBXProject section */
		0CEBCB3E21071AD0004CC4D8 /* Project object */ = {
			isa = PBXProject;
			attributes = {
				LastSwiftUpdateCheck = 0940;
				LastUpgradeCheck = 0940;
				ORGANIZATIONNAME = "Finda Ltd";
				TargetAttributes = {
					0CEBCB4521071AD0004CC4D8 = {
						CreatedOnToolsVersion = 9.4.1;
					};
					0CEBCB5C21071AD1004CC4D8 = {
						CreatedOnToolsVersion = 9.4.1;
						TestTargetID = 0CEBCB4521071AD0004CC4D8;
					};
					0CEBCB6721071AD1004CC4D8 = {
						CreatedOnToolsVersion = 9.4.1;
						TestTargetID = 0CEBCB4521071AD0004CC4D8;
					};
				};
			};
			buildConfigurationList = 0CEBCB4121071AD0004CC4D8 /* Build configuration list for PBXProject "Finda" */;
			compatibilityVersion = "Xcode 9.3";
			developmentRegion = en;
			hasScannedForEncodings = 0;
			knownRegions = (
				en,
				Base,
			);
			mainGroup = 0CEBCB3D21071AD0004CC4D8;
			productRefGroup = 0CEBCB4721071AD0004CC4D8 /* Products */;
			projectDirPath = "";
			projectRoot = "";
			targets = (
				0CEBCB4521071AD0004CC4D8 /* Finda */,
				0CEBCB5C21071AD1004CC4D8 /* FindaTests */,
				0CEBCB6721071AD1004CC4D8 /* FindaUITests */,
			);
		};
/* End PBXProject section */

/* Begin PBXResourcesBuildPhase section */
		0CEBCB4421071AD0004CC4D8 /* Resources */ = {
			isa = PBXResourcesBuildPhase;
			buildActionMask = 2147483647;
			files = (
				0CCF231F2109BD1200612D5B /* Gotham-Bold.otf in Resources */,
				0CCF231C2109BD1200612D5B /* Gotham-Medium.otf in Resources */,
				0CCF23192109BD1200612D5B /* Gotham-Thin.otf in Resources */,
				0CCF231D2109BD1200612D5B /* Gotham-Book.otf in Resources */,
				0CCF23262109BD1200612D5B /* Gotham-BlackItalic.otf in Resources */,
				0CCF23202109BD1200612D5B /* Gotham-Ultra.otf in Resources */,
				0CCF23272109BD1200612D5B /* Gotham-MediumItalic.otf in Resources */,
				0CCF231B2109BD1200612D5B /* Gotham-XLightItalic.otf in Resources */,
				0CCF23252109BD1200612D5B /* Gotham-BookItalic.otf in Resources */,
				0CCF23212109BD1200612D5B /* Gotham-LightItalic.otf in Resources */,
				0CCF231A2109BD1200612D5B /* Gotham-Black.otf in Resources */,
				0CEBCB7D21072C31004CC4D8 /* Media.xcassets in Resources */,
				0CEBCB5721071AD1004CC4D8 /* LaunchScreen.storyboard in Resources */,
				0CCF23222109BD1200612D5B /* Gotham-ThinItalic.otf in Resources */,
				0CEBCB5421071AD1004CC4D8 /* Assets.xcassets in Resources */,
				0CCF23232109BD1200612D5B /* Gotham-Light.otf in Resources */,
				0CCF23242109BD1200612D5B /* Gotham-BoldItalic.otf in Resources */,
				0CEBCB4F21071AD0004CC4D8 /* Main.storyboard in Resources */,
				0CCF231E2109BD1200612D5B /* Gotham-UltraItalic.otf in Resources */,
				0CCF23182109BD1200612D5B /* Gotham-XLight.otf in Resources */,
			);
			runOnlyForDeploymentPostprocessing = 0;
		};
		0CEBCB5B21071AD1004CC4D8 /* Resources */ = {
			isa = PBXResourcesBuildPhase;
			buildActionMask = 2147483647;
			files = (
			);
			runOnlyForDeploymentPostprocessing = 0;
		};
		0CEBCB6621071AD1004CC4D8 /* Resources */ = {
			isa = PBXResourcesBuildPhase;
			buildActionMask = 2147483647;
			files = (
			);
			runOnlyForDeploymentPostprocessing = 0;
		};
/* End PBXResourcesBuildPhase section */

/* Begin PBXShellScriptBuildPhase section */
		2AF5F4A8B5C72656DA299BEA /* [CP] Check Pods Manifest.lock */ = {
			isa = PBXShellScriptBuildPhase;
			buildActionMask = 2147483647;
			files = (
			);
			inputPaths = (
				"${PODS_PODFILE_DIR_PATH}/Podfile.lock",
				"${PODS_ROOT}/Manifest.lock",
			);
			name = "[CP] Check Pods Manifest.lock";
			outputPaths = (
				"$(DERIVED_FILE_DIR)/Pods-FindaTests-checkManifestLockResult.txt",
			);
			runOnlyForDeploymentPostprocessing = 0;
			shellPath = /bin/sh;
			shellScript = "diff \"${PODS_PODFILE_DIR_PATH}/Podfile.lock\" \"${PODS_ROOT}/Manifest.lock\" > /dev/null\nif [ $? != 0 ] ; then\n    # print error to STDERR\n    echo \"error: The sandbox is not in sync with the Podfile.lock. Run 'pod install' or update your CocoaPods installation.\" >&2\n    exit 1\nfi\n# This output is used by Xcode 'outputs' to avoid re-running this script phase.\necho \"SUCCESS\" > \"${SCRIPT_OUTPUT_FILE_0}\"\n";
			showEnvVarsInLog = 0;
		};
		66D4C80E153F4FDA18DD2D17 /* [CP] Check Pods Manifest.lock */ = {
			isa = PBXShellScriptBuildPhase;
			buildActionMask = 2147483647;
			files = (
			);
			inputPaths = (
				"${PODS_PODFILE_DIR_PATH}/Podfile.lock",
				"${PODS_ROOT}/Manifest.lock",
			);
			name = "[CP] Check Pods Manifest.lock";
			outputPaths = (
				"$(DERIVED_FILE_DIR)/Pods-Finda-checkManifestLockResult.txt",
			);
			runOnlyForDeploymentPostprocessing = 0;
			shellPath = /bin/sh;
			shellScript = "diff \"${PODS_PODFILE_DIR_PATH}/Podfile.lock\" \"${PODS_ROOT}/Manifest.lock\" > /dev/null\nif [ $? != 0 ] ; then\n    # print error to STDERR\n    echo \"error: The sandbox is not in sync with the Podfile.lock. Run 'pod install' or update your CocoaPods installation.\" >&2\n    exit 1\nfi\n# This output is used by Xcode 'outputs' to avoid re-running this script phase.\necho \"SUCCESS\" > \"${SCRIPT_OUTPUT_FILE_0}\"\n";
			showEnvVarsInLog = 0;
		};
		E2975F976A6983C535815B8C /* [CP] Embed Pods Frameworks */ = {
			isa = PBXShellScriptBuildPhase;
			buildActionMask = 2147483647;
			files = (
			);
			inputPaths = (
				"${SRCROOT}/Pods/Target Support Files/Pods-Finda/Pods-Finda-frameworks.sh",
				"${BUILT_PRODUCTS_DIR}/Alamofire/Alamofire.framework",
				"${BUILT_PRODUCTS_DIR}/CryptoSwift/CryptoSwift.framework",
				"${BUILT_PRODUCTS_DIR}/DCKit/DCKit.framework",
				"${BUILT_PRODUCTS_DIR}/Eureka/Eureka.framework",
				"${BUILT_PRODUCTS_DIR}/FoldingCell/FoldingCell.framework",
				"${BUILT_PRODUCTS_DIR}/IQKeyboardManagerSwift/IQKeyboardManagerSwift.framework",
				"${BUILT_PRODUCTS_DIR}/Marshal/Marshal.framework",
				"${BUILT_PRODUCTS_DIR}/Moya/Moya.framework",
				"${BUILT_PRODUCTS_DIR}/Moya-Marshal/Moya_Marshal.framework",
				"${BUILT_PRODUCTS_DIR}/Result/Result.framework",
				"${BUILT_PRODUCTS_DIR}/SVProgressHUD/SVProgressHUD.framework",
				"${BUILT_PRODUCTS_DIR}/SideMenuSwift/SideMenuSwift.framework",
				"${BUILT_PRODUCTS_DIR}/Strongbox/Strongbox.framework",
				"${BUILT_PRODUCTS_DIR}/SwiftMessages/SwiftMessages.framework",
				"${BUILT_PRODUCTS_DIR}/SwiftyJSON/SwiftyJSON.framework",
			);
			name = "[CP] Embed Pods Frameworks";
			outputPaths = (
				"${TARGET_BUILD_DIR}/${FRAMEWORKS_FOLDER_PATH}/Alamofire.framework",
				"${TARGET_BUILD_DIR}/${FRAMEWORKS_FOLDER_PATH}/CryptoSwift.framework",
				"${TARGET_BUILD_DIR}/${FRAMEWORKS_FOLDER_PATH}/DCKit.framework",
				"${TARGET_BUILD_DIR}/${FRAMEWORKS_FOLDER_PATH}/Eureka.framework",
				"${TARGET_BUILD_DIR}/${FRAMEWORKS_FOLDER_PATH}/FoldingCell.framework",
				"${TARGET_BUILD_DIR}/${FRAMEWORKS_FOLDER_PATH}/IQKeyboardManagerSwift.framework",
				"${TARGET_BUILD_DIR}/${FRAMEWORKS_FOLDER_PATH}/Marshal.framework",
				"${TARGET_BUILD_DIR}/${FRAMEWORKS_FOLDER_PATH}/Moya.framework",
				"${TARGET_BUILD_DIR}/${FRAMEWORKS_FOLDER_PATH}/Moya_Marshal.framework",
				"${TARGET_BUILD_DIR}/${FRAMEWORKS_FOLDER_PATH}/Result.framework",
				"${TARGET_BUILD_DIR}/${FRAMEWORKS_FOLDER_PATH}/SVProgressHUD.framework",
				"${TARGET_BUILD_DIR}/${FRAMEWORKS_FOLDER_PATH}/SideMenuSwift.framework",
				"${TARGET_BUILD_DIR}/${FRAMEWORKS_FOLDER_PATH}/Strongbox.framework",
				"${TARGET_BUILD_DIR}/${FRAMEWORKS_FOLDER_PATH}/SwiftMessages.framework",
				"${TARGET_BUILD_DIR}/${FRAMEWORKS_FOLDER_PATH}/SwiftyJSON.framework",
			);
			runOnlyForDeploymentPostprocessing = 0;
			shellPath = /bin/sh;
			shellScript = "\"${SRCROOT}/Pods/Target Support Files/Pods-Finda/Pods-Finda-frameworks.sh\"\n";
			showEnvVarsInLog = 0;
		};
		E3A8CEF8CD408C6E2A37C209 /* [CP] Check Pods Manifest.lock */ = {
			isa = PBXShellScriptBuildPhase;
			buildActionMask = 2147483647;
			files = (
			);
			inputPaths = (
				"${PODS_PODFILE_DIR_PATH}/Podfile.lock",
				"${PODS_ROOT}/Manifest.lock",
			);
			name = "[CP] Check Pods Manifest.lock";
			outputPaths = (
				"$(DERIVED_FILE_DIR)/Pods-FindaUITests-checkManifestLockResult.txt",
			);
			runOnlyForDeploymentPostprocessing = 0;
			shellPath = /bin/sh;
			shellScript = "diff \"${PODS_PODFILE_DIR_PATH}/Podfile.lock\" \"${PODS_ROOT}/Manifest.lock\" > /dev/null\nif [ $? != 0 ] ; then\n    # print error to STDERR\n    echo \"error: The sandbox is not in sync with the Podfile.lock. Run 'pod install' or update your CocoaPods installation.\" >&2\n    exit 1\nfi\n# This output is used by Xcode 'outputs' to avoid re-running this script phase.\necho \"SUCCESS\" > \"${SCRIPT_OUTPUT_FILE_0}\"\n";
			showEnvVarsInLog = 0;
		};
/* End PBXShellScriptBuildPhase section */

/* Begin PBXSourcesBuildPhase section */
		0CEBCB4221071AD0004CC4D8 /* Sources */ = {
			isa = PBXSourcesBuildPhase;
			buildActionMask = 2147483647;
			files = (
				0CEBCB5221071AD0004CC4D8 /* Finda.xcdatamodeld in Sources */,
				0CCF2349210B297A00612D5B /* MeasurementsVC.swift in Sources */,
				0CCF22E42108CF7200612D5B /* TabBarController.swift in Sources */,
				0CCF233C210A7F1000612D5B /* FontExtensions.swift in Sources */,
				0CCF2347210B1CE400612D5B /* SideMenuVC.swift in Sources */,
				0C4ADA742110A450002C3EA3 /* UserStatus.swift in Sources */,
				0CCF23022108E7B500612D5B /* CoreDataManager.swift in Sources */,
				0CCF235A210E034B00612D5B /* ClientRegisterVC.swift in Sources */,
				0CCF2353210DE56B00612D5B /* PickerDelegate.swift in Sources */,
				0CCF235E210E4FCC00612D5B /* RegisterOptionVC.swift in Sources */,
				0CCF2340210A861B00612D5B /* PersonalDetailsVC.swift in Sources */,
				0CEBCB7F21072F46004CC4D8 /* UIColor+FindaColours.swift in Sources */,
				0CCF233E210A7F1000612D5B /* BaseCellExtensions.swift in Sources */,
				0CCF22D721089B6200612D5B /* FindaMoyaHMACPlugin.swift in Sources */,
				0C4ADA762110AEF4002C3EA3 /* DashboardCell.swift in Sources */,
				0CCF234B210CC61800612D5B /* PreferencesVC.swift in Sources */,
				0CCF22CB21089A8D00612D5B /* ReachabilityManager.swift in Sources */,
				0CCF23002108E42800612D5B /* User+CoreDataClass.swift in Sources */,
				0CCF22B82107390800612D5B /* LoginVC.swift in Sources */,
				0C4ADA6821107E54002C3EA3 /* ModelManager.swift in Sources */,
				0C4ADA72211090C4002C3EA3 /* Preferences+CoreDataClass.swift in Sources */,
				0CCF22D92108B25900612D5B /* LoginManager.swift in Sources */,
				0CCF233D210A7F1000612D5B /* TextFieldExtensions.swift in Sources */,
				0C4ADA71211090C4002C3EA3 /* Preferences+CoreDataProperties.swift in Sources */,
				0C4ADA61210F4492002C3EA3 /* RegisterFooter.swift in Sources */,
				0CCF2345210B1C7C00612D5B /* SideMenuCell.swift in Sources */,
				0CCF22C0210896AE00612D5B /* FindaAPI.swift in Sources */,
				0CCF235C210E06CA00612D5B /* ViewControllerExtensions.swift in Sources */,
				0C4ADA63210F4549002C3EA3 /* RegisterHeader.swift in Sources */,
				0CCF2342210A86B300612D5B /* DashboardVC.swift in Sources */,
				0CCF232B2109E61300612D5B /* TermDataManager.swift in Sources */,
				0CCF22FF2108E42800612D5B /* User+CoreDataProperties.swift in Sources */,
				0CCF2358210E033C00612D5B /* ModelRegisterVC.swift in Sources */,
				0CCF2350210DDB2600612D5B /* Profile+CoreDataClass.swift in Sources */,
				0CCF2351210DDB2600612D5B /* Profile+CoreDataProperties.swift in Sources */,
				0C4ADA7A21120320002C3EA3 /* JobsManager.swift in Sources */,
				0CCF22D621089B6200612D5B /* FindaMoyaTokenPlugin.swift in Sources */,
				0C4ADA6A21107EF5002C3EA3 /* RegisterManager.swift in Sources */,
				0C4ADA782110BE18002C3EA3 /* LabelExtensions.swift in Sources */,
				0CCF2355210DFD3D00612D5B /* NavBar.swift in Sources */,
				0CCF234D210D070600612D5B /* StringExtensions.swift in Sources */,
				0CEBCB4A21071AD0004CC4D8 /* AppDelegate.swift in Sources */,
			);
			runOnlyForDeploymentPostprocessing = 0;
		};
		0CEBCB5921071AD1004CC4D8 /* Sources */ = {
			isa = PBXSourcesBuildPhase;
			buildActionMask = 2147483647;
			files = (
				0CEBCB6221071AD1004CC4D8 /* FindaTests.swift in Sources */,
			);
			runOnlyForDeploymentPostprocessing = 0;
		};
		0CEBCB6421071AD1004CC4D8 /* Sources */ = {
			isa = PBXSourcesBuildPhase;
			buildActionMask = 2147483647;
			files = (
				0CEBCB6D21071AD1004CC4D8 /* FindaUITests.swift in Sources */,
			);
			runOnlyForDeploymentPostprocessing = 0;
		};
/* End PBXSourcesBuildPhase section */

/* Begin PBXTargetDependency section */
		0CEBCB5F21071AD1004CC4D8 /* PBXTargetDependency */ = {
			isa = PBXTargetDependency;
			target = 0CEBCB4521071AD0004CC4D8 /* Finda */;
			targetProxy = 0CEBCB5E21071AD1004CC4D8 /* PBXContainerItemProxy */;
		};
		0CEBCB6A21071AD1004CC4D8 /* PBXTargetDependency */ = {
			isa = PBXTargetDependency;
			target = 0CEBCB4521071AD0004CC4D8 /* Finda */;
			targetProxy = 0CEBCB6921071AD1004CC4D8 /* PBXContainerItemProxy */;
		};
/* End PBXTargetDependency section */

/* Begin PBXVariantGroup section */
		0CEBCB4D21071AD0004CC4D8 /* Main.storyboard */ = {
			isa = PBXVariantGroup;
			children = (
				0CEBCB4E21071AD0004CC4D8 /* Base */,
			);
			name = Main.storyboard;
			sourceTree = "<group>";
		};
		0CEBCB5521071AD1004CC4D8 /* LaunchScreen.storyboard */ = {
			isa = PBXVariantGroup;
			children = (
				0CEBCB5621071AD1004CC4D8 /* Base */,
			);
			name = LaunchScreen.storyboard;
			sourceTree = "<group>";
		};
/* End PBXVariantGroup section */

/* Begin XCBuildConfiguration section */
		0CEBCB6F21071AD1004CC4D8 /* Debug */ = {
			isa = XCBuildConfiguration;
			buildSettings = {
				ALWAYS_SEARCH_USER_PATHS = NO;
				CLANG_ANALYZER_NONNULL = YES;
				CLANG_ANALYZER_NUMBER_OBJECT_CONVERSION = YES_AGGRESSIVE;
				CLANG_CXX_LANGUAGE_STANDARD = "gnu++14";
				CLANG_CXX_LIBRARY = "libc++";
				CLANG_ENABLE_MODULES = YES;
				CLANG_ENABLE_OBJC_ARC = YES;
				CLANG_ENABLE_OBJC_WEAK = YES;
				CLANG_WARN_BLOCK_CAPTURE_AUTORELEASING = YES;
				CLANG_WARN_BOOL_CONVERSION = YES;
				CLANG_WARN_COMMA = YES;
				CLANG_WARN_CONSTANT_CONVERSION = YES;
				CLANG_WARN_DEPRECATED_OBJC_IMPLEMENTATIONS = YES;
				CLANG_WARN_DIRECT_OBJC_ISA_USAGE = YES_ERROR;
				CLANG_WARN_DOCUMENTATION_COMMENTS = YES;
				CLANG_WARN_EMPTY_BODY = YES;
				CLANG_WARN_ENUM_CONVERSION = YES;
				CLANG_WARN_INFINITE_RECURSION = YES;
				CLANG_WARN_INT_CONVERSION = YES;
				CLANG_WARN_NON_LITERAL_NULL_CONVERSION = YES;
				CLANG_WARN_OBJC_IMPLICIT_RETAIN_SELF = YES;
				CLANG_WARN_OBJC_LITERAL_CONVERSION = YES;
				CLANG_WARN_OBJC_ROOT_CLASS = YES_ERROR;
				CLANG_WARN_RANGE_LOOP_ANALYSIS = YES;
				CLANG_WARN_STRICT_PROTOTYPES = YES;
				CLANG_WARN_SUSPICIOUS_MOVE = YES;
				CLANG_WARN_UNGUARDED_AVAILABILITY = YES_AGGRESSIVE;
				CLANG_WARN_UNREACHABLE_CODE = YES;
				CLANG_WARN__DUPLICATE_METHOD_MATCH = YES;
				CODE_SIGN_IDENTITY = "iPhone Developer";
				COPY_PHASE_STRIP = NO;
				DEBUG_INFORMATION_FORMAT = dwarf;
				ENABLE_STRICT_OBJC_MSGSEND = YES;
				ENABLE_TESTABILITY = YES;
				GCC_C_LANGUAGE_STANDARD = gnu11;
				GCC_DYNAMIC_NO_PIC = NO;
				GCC_NO_COMMON_BLOCKS = YES;
				GCC_OPTIMIZATION_LEVEL = 0;
				GCC_PREPROCESSOR_DEFINITIONS = (
					"DEBUG=1",
					"$(inherited)",
				);
				GCC_WARN_64_TO_32_BIT_CONVERSION = YES;
				GCC_WARN_ABOUT_RETURN_TYPE = YES_ERROR;
				GCC_WARN_UNDECLARED_SELECTOR = YES;
				GCC_WARN_UNINITIALIZED_AUTOS = YES_AGGRESSIVE;
				GCC_WARN_UNUSED_FUNCTION = YES;
				GCC_WARN_UNUSED_VARIABLE = YES;
				IPHONEOS_DEPLOYMENT_TARGET = 11.4;
				MTL_ENABLE_DEBUG_INFO = YES;
				ONLY_ACTIVE_ARCH = YES;
				SDKROOT = iphoneos;
				SWIFT_ACTIVE_COMPILATION_CONDITIONS = DEBUG;
				SWIFT_OPTIMIZATION_LEVEL = "-Onone";
			};
			name = Debug;
		};
		0CEBCB7021071AD1004CC4D8 /* Release */ = {
			isa = XCBuildConfiguration;
			buildSettings = {
				ALWAYS_SEARCH_USER_PATHS = NO;
				CLANG_ANALYZER_NONNULL = YES;
				CLANG_ANALYZER_NUMBER_OBJECT_CONVERSION = YES_AGGRESSIVE;
				CLANG_CXX_LANGUAGE_STANDARD = "gnu++14";
				CLANG_CXX_LIBRARY = "libc++";
				CLANG_ENABLE_MODULES = YES;
				CLANG_ENABLE_OBJC_ARC = YES;
				CLANG_ENABLE_OBJC_WEAK = YES;
				CLANG_WARN_BLOCK_CAPTURE_AUTORELEASING = YES;
				CLANG_WARN_BOOL_CONVERSION = YES;
				CLANG_WARN_COMMA = YES;
				CLANG_WARN_CONSTANT_CONVERSION = YES;
				CLANG_WARN_DEPRECATED_OBJC_IMPLEMENTATIONS = YES;
				CLANG_WARN_DIRECT_OBJC_ISA_USAGE = YES_ERROR;
				CLANG_WARN_DOCUMENTATION_COMMENTS = YES;
				CLANG_WARN_EMPTY_BODY = YES;
				CLANG_WARN_ENUM_CONVERSION = YES;
				CLANG_WARN_INFINITE_RECURSION = YES;
				CLANG_WARN_INT_CONVERSION = YES;
				CLANG_WARN_NON_LITERAL_NULL_CONVERSION = YES;
				CLANG_WARN_OBJC_IMPLICIT_RETAIN_SELF = YES;
				CLANG_WARN_OBJC_LITERAL_CONVERSION = YES;
				CLANG_WARN_OBJC_ROOT_CLASS = YES_ERROR;
				CLANG_WARN_RANGE_LOOP_ANALYSIS = YES;
				CLANG_WARN_STRICT_PROTOTYPES = YES;
				CLANG_WARN_SUSPICIOUS_MOVE = YES;
				CLANG_WARN_UNGUARDED_AVAILABILITY = YES_AGGRESSIVE;
				CLANG_WARN_UNREACHABLE_CODE = YES;
				CLANG_WARN__DUPLICATE_METHOD_MATCH = YES;
				CODE_SIGN_IDENTITY = "iPhone Developer";
				COPY_PHASE_STRIP = NO;
				DEBUG_INFORMATION_FORMAT = "dwarf-with-dsym";
				ENABLE_NS_ASSERTIONS = NO;
				ENABLE_STRICT_OBJC_MSGSEND = YES;
				GCC_C_LANGUAGE_STANDARD = gnu11;
				GCC_NO_COMMON_BLOCKS = YES;
				GCC_WARN_64_TO_32_BIT_CONVERSION = YES;
				GCC_WARN_ABOUT_RETURN_TYPE = YES_ERROR;
				GCC_WARN_UNDECLARED_SELECTOR = YES;
				GCC_WARN_UNINITIALIZED_AUTOS = YES_AGGRESSIVE;
				GCC_WARN_UNUSED_FUNCTION = YES;
				GCC_WARN_UNUSED_VARIABLE = YES;
				IPHONEOS_DEPLOYMENT_TARGET = 11.4;
				MTL_ENABLE_DEBUG_INFO = NO;
				SDKROOT = iphoneos;
				SWIFT_COMPILATION_MODE = wholemodule;
				SWIFT_OPTIMIZATION_LEVEL = "-O";
				VALIDATE_PRODUCT = YES;
			};
			name = Release;
		};
		0CEBCB7221071AD1004CC4D8 /* Debug */ = {
			isa = XCBuildConfiguration;
			baseConfigurationReference = 341BD77F58966C7AFB8BF641 /* Pods-Finda.debug.xcconfig */;
			buildSettings = {
				ASSETCATALOG_COMPILER_APPICON_NAME = AppIcon;
				CODE_SIGN_IDENTITY = "iPhone Developer";
				CODE_SIGN_STYLE = Automatic;
				DEVELOPMENT_TEAM = 7Y4G95LX38;
				INFOPLIST_FILE = Finda/Info.plist;
				IPHONEOS_DEPLOYMENT_TARGET = 10.3;
				LD_RUNPATH_SEARCH_PATHS = (
					"$(inherited)",
					"@executable_path/Frameworks",
				);
				PRODUCT_BUNDLE_IDENTIFIER = co.finda.models;
				PRODUCT_NAME = "$(TARGET_NAME)";
				SWIFT_VERSION = 4.0;
				TARGETED_DEVICE_FAMILY = 1;
			};
			name = Debug;
		};
		0CEBCB7321071AD1004CC4D8 /* Release */ = {
			isa = XCBuildConfiguration;
			baseConfigurationReference = 2140CF5325222B660D04F75E /* Pods-Finda.release.xcconfig */;
			buildSettings = {
				ASSETCATALOG_COMPILER_APPICON_NAME = AppIcon;
				CODE_SIGN_IDENTITY = "iPhone Developer";
				CODE_SIGN_STYLE = Automatic;
				DEVELOPMENT_TEAM = 7Y4G95LX38;
				INFOPLIST_FILE = Finda/Info.plist;
				IPHONEOS_DEPLOYMENT_TARGET = 10.3;
				LD_RUNPATH_SEARCH_PATHS = (
					"$(inherited)",
					"@executable_path/Frameworks",
				);
				PRODUCT_BUNDLE_IDENTIFIER = co.finda.models;
				PRODUCT_NAME = "$(TARGET_NAME)";
				SWIFT_VERSION = 4.0;
				TARGETED_DEVICE_FAMILY = 1;
			};
			name = Release;
		};
		0CEBCB7521071AD1004CC4D8 /* Debug */ = {
			isa = XCBuildConfiguration;
			baseConfigurationReference = 3E1B7F1EF255DBF716E70F99 /* Pods-FindaTests.debug.xcconfig */;
			buildSettings = {
				ALWAYS_EMBED_SWIFT_STANDARD_LIBRARIES = YES;
				BUNDLE_LOADER = "$(TEST_HOST)";
				CODE_SIGN_STYLE = Automatic;
				INFOPLIST_FILE = FindaTests/Info.plist;
				LD_RUNPATH_SEARCH_PATHS = (
					"$(inherited)",
					"@executable_path/Frameworks",
					"@loader_path/Frameworks",
				);
				PRODUCT_BUNDLE_IDENTIFIER = co.finda.models.FindaTests;
				PRODUCT_NAME = "$(TARGET_NAME)";
				SWIFT_VERSION = 4.0;
				TARGETED_DEVICE_FAMILY = "1,2";
				TEST_HOST = "$(BUILT_PRODUCTS_DIR)/Finda.app/Finda";
			};
			name = Debug;
		};
		0CEBCB7621071AD1004CC4D8 /* Release */ = {
			isa = XCBuildConfiguration;
			baseConfigurationReference = 035913A7088946EBA06AFD9E /* Pods-FindaTests.release.xcconfig */;
			buildSettings = {
				ALWAYS_EMBED_SWIFT_STANDARD_LIBRARIES = YES;
				BUNDLE_LOADER = "$(TEST_HOST)";
				CODE_SIGN_STYLE = Automatic;
				INFOPLIST_FILE = FindaTests/Info.plist;
				LD_RUNPATH_SEARCH_PATHS = (
					"$(inherited)",
					"@executable_path/Frameworks",
					"@loader_path/Frameworks",
				);
				PRODUCT_BUNDLE_IDENTIFIER = co.finda.models.FindaTests;
				PRODUCT_NAME = "$(TARGET_NAME)";
				SWIFT_VERSION = 4.0;
				TARGETED_DEVICE_FAMILY = "1,2";
				TEST_HOST = "$(BUILT_PRODUCTS_DIR)/Finda.app/Finda";
			};
			name = Release;
		};
		0CEBCB7821071AD1004CC4D8 /* Debug */ = {
			isa = XCBuildConfiguration;
			baseConfigurationReference = 0288E199D06E667D702BCB7E /* Pods-FindaUITests.debug.xcconfig */;
			buildSettings = {
				ALWAYS_EMBED_SWIFT_STANDARD_LIBRARIES = YES;
				CODE_SIGN_STYLE = Automatic;
				INFOPLIST_FILE = FindaUITests/Info.plist;
				LD_RUNPATH_SEARCH_PATHS = (
					"$(inherited)",
					"@executable_path/Frameworks",
					"@loader_path/Frameworks",
				);
				PRODUCT_BUNDLE_IDENTIFIER = co.finda.models.FindaUITests;
				PRODUCT_NAME = "$(TARGET_NAME)";
				SWIFT_VERSION = 4.0;
				TARGETED_DEVICE_FAMILY = "1,2";
				TEST_TARGET_NAME = Finda;
			};
			name = Debug;
		};
		0CEBCB7921071AD1004CC4D8 /* Release */ = {
			isa = XCBuildConfiguration;
			baseConfigurationReference = 7705A2C8D63BCB785BD88416 /* Pods-FindaUITests.release.xcconfig */;
			buildSettings = {
				ALWAYS_EMBED_SWIFT_STANDARD_LIBRARIES = YES;
				CODE_SIGN_STYLE = Automatic;
				INFOPLIST_FILE = FindaUITests/Info.plist;
				LD_RUNPATH_SEARCH_PATHS = (
					"$(inherited)",
					"@executable_path/Frameworks",
					"@loader_path/Frameworks",
				);
				PRODUCT_BUNDLE_IDENTIFIER = co.finda.models.FindaUITests;
				PRODUCT_NAME = "$(TARGET_NAME)";
				SWIFT_VERSION = 4.0;
				TARGETED_DEVICE_FAMILY = "1,2";
				TEST_TARGET_NAME = Finda;
			};
			name = Release;
		};
/* End XCBuildConfiguration section */

/* Begin XCConfigurationList section */
		0CEBCB4121071AD0004CC4D8 /* Build configuration list for PBXProject "Finda" */ = {
			isa = XCConfigurationList;
			buildConfigurations = (
				0CEBCB6F21071AD1004CC4D8 /* Debug */,
				0CEBCB7021071AD1004CC4D8 /* Release */,
			);
			defaultConfigurationIsVisible = 0;
			defaultConfigurationName = Release;
		};
		0CEBCB7121071AD1004CC4D8 /* Build configuration list for PBXNativeTarget "Finda" */ = {
			isa = XCConfigurationList;
			buildConfigurations = (
				0CEBCB7221071AD1004CC4D8 /* Debug */,
				0CEBCB7321071AD1004CC4D8 /* Release */,
			);
			defaultConfigurationIsVisible = 0;
			defaultConfigurationName = Release;
		};
		0CEBCB7421071AD1004CC4D8 /* Build configuration list for PBXNativeTarget "FindaTests" */ = {
			isa = XCConfigurationList;
			buildConfigurations = (
				0CEBCB7521071AD1004CC4D8 /* Debug */,
				0CEBCB7621071AD1004CC4D8 /* Release */,
			);
			defaultConfigurationIsVisible = 0;
			defaultConfigurationName = Release;
		};
		0CEBCB7721071AD1004CC4D8 /* Build configuration list for PBXNativeTarget "FindaUITests" */ = {
			isa = XCConfigurationList;
			buildConfigurations = (
				0CEBCB7821071AD1004CC4D8 /* Debug */,
				0CEBCB7921071AD1004CC4D8 /* Release */,
			);
			defaultConfigurationIsVisible = 0;
			defaultConfigurationName = Release;
		};
/* End XCConfigurationList section */

/* Begin XCVersionGroup section */
		0CEBCB5021071AD0004CC4D8 /* Finda.xcdatamodeld */ = {
			isa = XCVersionGroup;
			children = (
				0CEBCB5121071AD0004CC4D8 /* Finda.xcdatamodel */,
			);
			currentVersion = 0CEBCB5121071AD0004CC4D8 /* Finda.xcdatamodel */;
			path = Finda.xcdatamodeld;
			sourceTree = "<group>";
			versionGroupType = wrapper.xcdatamodel;
		};
/* End XCVersionGroup section */
	};
	rootObject = 0CEBCB3E21071AD0004CC4D8 /* Project object */;
}
