PODS:
  - Alamofire (4.8.1)
  - AlamofireImage (3.5.0):
    - Alamofire (~> 4.8)
  - AutoInsetter (1.3.0)
  - Crashlytics (3.12.0):
    - Fabric (~> 1.9.0)
  - CryptoSwift (0.14.0)
  - DCKit (1.0.13)
  - Eureka (4.3.1)
  - Fabric (1.9.0)
  - Firebase/Core (5.18.0):
    - Firebase/CoreOnly
    - FirebaseAnalytics (= 5.7.0)
  - Firebase/CoreOnly (5.18.0):
    - FirebaseCore (= 5.3.1)
  - Firebase/Messaging (5.18.0):
    - Firebase/CoreOnly
    - FirebaseMessaging (= 3.3.2)
  - FirebaseAnalytics (5.7.0):
    - FirebaseCore (~> 5.3)
    - FirebaseInstanceID (~> 3.6)
    - GoogleAppMeasurement (= 5.7.0)
    - GoogleUtilities/AppDelegateSwizzler (~> 5.2)
    - GoogleUtilities/MethodSwizzler (~> 5.2)
    - GoogleUtilities/Network (~> 5.2)
    - "GoogleUtilities/NSData+zlib (~> 5.2)"
    - nanopb (~> 0.3)
  - FirebaseAnalyticsInterop (1.2.0)
  - FirebaseCore (5.3.1):
    - GoogleUtilities/Logger (~> 5.2)
  - FirebaseInstanceID (3.7.0):
    - FirebaseCore (~> 5.2)
    - GoogleUtilities/Environment (~> 5.2)
    - GoogleUtilities/UserDefaults (~> 5.2)
  - FirebaseMessaging (3.3.2):
    - FirebaseAnalyticsInterop (~> 1.1)
    - FirebaseCore (~> 5.2)
    - FirebaseInstanceID (~> 3.6)
    - GoogleUtilities/Environment (~> 5.3)
    - GoogleUtilities/Reachability (~> 5.3)
    - GoogleUtilities/UserDefaults (~> 5.3)
    - Protobuf (~> 3.1)
  - Font-Awesome-Swift (1.7.2)
  - GoogleAppMeasurement (5.7.0):
    - GoogleUtilities/AppDelegateSwizzler (~> 5.2)
    - GoogleUtilities/MethodSwizzler (~> 5.2)
    - GoogleUtilities/Network (~> 5.2)
    - "GoogleUtilities/NSData+zlib (~> 5.2)"
    - nanopb (~> 0.3)
  - GoogleUtilities/AppDelegateSwizzler (5.5.0):
    - GoogleUtilities/Environment
    - GoogleUtilities/Logger
    - GoogleUtilities/Network
  - GoogleUtilities/Environment (5.5.0)
  - GoogleUtilities/Logger (5.5.0):
    - GoogleUtilities/Environment
  - GoogleUtilities/MethodSwizzler (5.5.0):
    - GoogleUtilities/Logger
  - GoogleUtilities/Network (5.5.0):
    - GoogleUtilities/Logger
    - "GoogleUtilities/NSData+zlib"
    - GoogleUtilities/Reachability
  - "GoogleUtilities/NSData+zlib (5.5.0)"
  - GoogleUtilities/Reachability (5.5.0):
    - GoogleUtilities/Logger
  - GoogleUtilities/UserDefaults (5.5.0):
    - GoogleUtilities/Logger
  - IQKeyboardManagerSwift (6.2.0)
  - Moya (12.0.1):
    - Moya/Core (= 12.0.1)
  - Moya/Core (12.0.1):
    - Alamofire (~> 4.1)
    - Result (~> 4.0)
  - nanopb (0.3.901):
    - nanopb/decode (= 0.3.901)
    - nanopb/encode (= 0.3.901)
  - nanopb/decode (0.3.901)
  - nanopb/encode (0.3.901)
  - Pageboy (2.6.1)
  - Protobuf (3.7.0)
  - PryntTrimmerView (3.0.0)
  - Result (4.1.0)
  - SCLAlertView (0.8)
  - SideMenuSwift (1.0.1)
  - SteviaLayout (4.4.4)
  - SVProgressHUD (2.2.5)
  - SwiftyGif (4.2.0)
  - SwiftyJSON (4.2.0)
  - Tabman (1.10.2):
    - AutoInsetter (~> 1.3.0)
    - Pageboy (~> 2.6.0)
  - YPImagePicker (3.5.3):
    - PryntTrimmerView (~> 3.0.0)
    - SteviaLayout (~> 4.4.1)

DEPENDENCIES:
  - AlamofireImage
  - Crashlytics
  - CryptoSwift
  - DCKit
  - Eureka
  - Fabric
  - Firebase/Core
  - Firebase/Messaging
  - Font-Awesome-Swift (~> 1.7.2)
  - IQKeyboardManagerSwift
  - Moya
  - SCLAlertView
  - SideMenuSwift
  - SVProgressHUD
  - SwiftyGif
  - SwiftyJSON
  - Tabman (~> 1.0)
  - YPImagePicker

SPEC REPOS:
  https://github.com/cocoapods/specs.git:
    - Alamofire
    - AlamofireImage
    - AutoInsetter
    - Crashlytics
    - CryptoSwift
    - DCKit
    - Eureka
    - Fabric
    - Firebase
    - FirebaseAnalytics
    - FirebaseAnalyticsInterop
    - FirebaseCore
    - FirebaseInstanceID
    - FirebaseMessaging
    - Font-Awesome-Swift
    - GoogleAppMeasurement
    - GoogleUtilities
    - IQKeyboardManagerSwift
    - Moya
    - nanopb
    - Pageboy
    - Protobuf
    - PryntTrimmerView
    - Result
    - SCLAlertView
    - SideMenuSwift
    - SteviaLayout
    - SVProgressHUD
    - SwiftyGif
    - SwiftyJSON
    - Tabman
    - YPImagePicker

SPEC CHECKSUMS:
  Alamofire: 16ce2c353fb72865124ddae8a57c5942388f4f11
  AlamofireImage: 1aea346f4dda2f6c67622fa5a89fcbb80d79cc16
  AutoInsetter: 0ea4dddc17042ab45114ec5d5980764efae98584
  Crashlytics: 07fb167b1694128c1c9a5a5cc319b0e9c3ca0933
  CryptoSwift: 35a10419f4dbf0619c13f8c1c180037e115323fa
  DCKit: ca310752c3a4d442e772de66ce4e4168ea906d62
  Eureka: 28ea296f06710f6745266b71f17862048941a32d
  Fabric: f988e33c97f08930a413e08123064d2e5f68d655
  Firebase: 02f3281965c075426141a0ce1277e9de6649cab9
  FirebaseAnalytics: 23851fe602c872130a2c5c55040b302120346cc2
  FirebaseAnalyticsInterop: efbe45c8385ec626e29f9525e5ebd38520dfb6c1
  FirebaseCore: 52f851b30e11360f1e67cf04b1edfebf0a47a2d3
  FirebaseInstanceID: bd6fc5a258884e206fd5c474ebe4f5b00e21770e
  FirebaseMessaging: d740150547f7686b33799f6489f5b69a4706631b
  Font-Awesome-Swift: 83ab9db365379ee6025167cec67bdc5d3226a811
  GoogleAppMeasurement: 6cf307834da065863f9faf4c0de0a936d81dd832
  GoogleUtilities: 6481e6318c5fcabaaa8513ef8120f329055d7c10
  IQKeyboardManagerSwift: b07ccf9d8cafe993dcd6cb794eb4ba34611a0c4e
  Moya: cf730b3cd9e005401ef37a85143aa141a12fd38f
  nanopb: 2901f78ea1b7b4015c860c2fdd1ea2fee1a18d48
  Pageboy: c2a25d1c280e9b622014b692626f1ff9298e0ad2
  Protobuf: 7a877b7f3e5964e3fce995e2eb323dbc6831bb5a
  PryntTrimmerView: 53ac64053c7ce63cb3e27f54090f52da0734891d
  Result: bd966fac789cc6c1563440b348ab2598cc24d5c7
  SCLAlertView: 6a77bb2edfc65e04dbe57725546cb4107a506b85
  SideMenuSwift: a78d47182aa03b5c07570fe57d3ba22c4561f2ce
  SteviaLayout: 523469269059f2c6da02820bb2ff28a5fe0780aa
  SVProgressHUD: 1428aafac632c1f86f62aa4243ec12008d7a51d6
  SwiftyGif: a149bf84df23370592f3f075561ae02c8632a314
  SwiftyJSON: c4bcba26dd9ec7a027fc8eade48e2c911f229e96
  Tabman: 6cff148419c5d8812d0e9f08f93b6f1c6ba54502
  YPImagePicker: 5dd3814b47b1208e9c8cc8f6ef77fe90db3723b6

PODFILE CHECKSUM: 6b3e519318d2568c2522fd64a62a486c1679c557

COCOAPODS: 1.5.3
