PODS:
  - Alamofire (4.8.2)
  - AlamofireImage (3.5.2):
    - Alamofire (~> 4.8)
  - AutoInsetter (1.3.0)
  - Crashlytics (3.13.4):
    - Fabric (~> 1.10.2)
  - CryptoSwift (1.0.0)
  - DCKit (1.0.13)
  - Eureka (5.0.0)
  - Fabric (1.10.2)
  - Firebase/Core (6.4.0):
    - Firebase/CoreOnly
    - FirebaseAnalytics (= 6.0.3)
  - Firebase/CoreOnly (6.4.0):
    - FirebaseCore (= 6.0.4)
  - Firebase/Messaging (6.4.0):
    - Firebase/CoreOnly
    - FirebaseMessaging (~> 4.1.1)
  - FirebaseAnalytics (6.0.3):
    - FirebaseCore (~> 6.0)
    - FirebaseInstanceID (~> 4.2)
    - GoogleAppMeasurement (= 6.0.3)
    - GoogleUtilities/AppDelegateSwizzler (~> 6.0)
    - GoogleUtilities/MethodSwizzler (~> 6.0)
    - GoogleUtilities/Network (~> 6.0)
    - "GoogleUtilities/NSData+zlib (~> 6.0)"
    - nanopb (~> 0.3)
  - FirebaseAnalyticsInterop (1.2.0)
  - FirebaseCore (6.0.4):
    - GoogleUtilities/Environment (~> 6.0)
    - GoogleUtilities/Logger (~> 6.0)
  - FirebaseInstanceID (4.2.1):
    - FirebaseCore (~> 6.0)
    - GoogleUtilities/Environment (~> 6.0)
    - GoogleUtilities/UserDefaults (~> 6.0)
  - FirebaseMessaging (4.1.1):
    - FirebaseAnalyticsInterop (~> 1.1)
    - FirebaseCore (~> 6.0)
    - FirebaseInstanceID (~> 4.1)
    - GoogleUtilities/AppDelegateSwizzler (~> 6.2)
    - GoogleUtilities/Environment (~> 6.2)
    - GoogleUtilities/Reachability (~> 6.2)
    - GoogleUtilities/UserDefaults (~> 6.2)
    - Protobuf (~> 3.1)
  - GoogleAppMeasurement (6.0.3):
    - GoogleUtilities/AppDelegateSwizzler (~> 6.0)
    - GoogleUtilities/MethodSwizzler (~> 6.0)
    - GoogleUtilities/Network (~> 6.0)
    - "GoogleUtilities/NSData+zlib (~> 6.0)"
    - nanopb (~> 0.3)
  - GoogleUtilities/AppDelegateSwizzler (6.2.3):
    - GoogleUtilities/Environment
    - GoogleUtilities/Logger
    - GoogleUtilities/Network
  - GoogleUtilities/Environment (6.2.3)
  - GoogleUtilities/Logger (6.2.3):
    - GoogleUtilities/Environment
  - GoogleUtilities/MethodSwizzler (6.2.3):
    - GoogleUtilities/Logger
  - GoogleUtilities/Network (6.2.3):
    - GoogleUtilities/Logger
    - "GoogleUtilities/NSData+zlib"
    - GoogleUtilities/Reachability
  - "GoogleUtilities/NSData+zlib (6.2.3)"
  - GoogleUtilities/Reachability (6.2.3):
    - GoogleUtilities/Logger
  - GoogleUtilities/UserDefaults (6.2.3):
    - GoogleUtilities/Logger
  - IQKeyboardManagerSwift (6.4.0)
  - JTAppleCalendar (7.1.7)
  - Moya (13.0.1):
    - Moya/Core (= 13.0.1)
  - Moya/Core (13.0.1):
    - Alamofire (~> 4.1)
    - Result (~> 4.1)
  - nanopb (0.3.901):
    - nanopb/decode (= 0.3.901)
    - nanopb/encode (= 0.3.901)
  - nanopb/decode (0.3.901)
  - nanopb/encode (0.3.901)
  - Pageboy (2.6.1)
  - Protobuf (3.9.0)
  - PryntTrimmerView (3.0.0)
  - QVRWeekView (0.12.3)
  - Result (4.1.0)
  - SCLAlertView (0.8)
  - SideMenuSwift (2.0.1)
  - SteviaLayout (4.4.4)
  - SVProgressHUD (2.2.5)
  - SwiftyGif (5.1.1)
  - SwiftyJSON (5.0.0)
  - Tabman (1.10.2):
    - AutoInsetter (~> 1.3.0)
    - Pageboy (~> 2.6.0)
  - YPImagePicker (4.0.0):
    - PryntTrimmerView (~> 3.0.0)
    - SteviaLayout (~> 4.4.1)

DEPENDENCIES:
  - AlamofireImage
  - Crashlytics
  - CryptoSwift
  - DCKit
  - Eureka
  - Fabric
  - Firebase/Core
  - Firebase/Messaging
  - IQKeyboardManagerSwift
  - JTAppleCalendar (~> 7.1.7)
  - Moya
  - QVRWeekView
  - SCLAlertView
  - SideMenuSwift
  - SVProgressHUD
  - SwiftyGif
  - SwiftyJSON
  - Tabman (~> 1.0)
  - YPImagePicker

SPEC REPOS:
  https://github.com/cocoapods/specs.git:
    - Alamofire
    - AlamofireImage
    - AutoInsetter
    - Crashlytics
    - CryptoSwift
    - DCKit
    - Eureka
    - Fabric
    - Firebase
    - FirebaseAnalytics
    - FirebaseAnalyticsInterop
    - FirebaseCore
    - FirebaseInstanceID
    - FirebaseMessaging
    - GoogleAppMeasurement
    - GoogleUtilities
    - IQKeyboardManagerSwift
    - JTAppleCalendar
    - Moya
    - nanopb
    - Pageboy
    - Protobuf
    - PryntTrimmerView
    - QVRWeekView
    - Result
    - SCLAlertView
    - SideMenuSwift
    - SteviaLayout
    - SVProgressHUD
    - SwiftyGif
    - SwiftyJSON
    - Tabman
    - YPImagePicker

SPEC CHECKSUMS:
  Alamofire: ae5c501addb7afdbb13687d7f2f722c78734c2d3
  AlamofireImage: 63cfe3baf1370be6c498149687cf6db3e3b00999
  AutoInsetter: 0ea4dddc17042ab45114ec5d5980764efae98584
  Crashlytics: 2dfd686bcb918dc10ee0e76f7f853fe42c7bd552
  CryptoSwift: d81eeaa59dc5a8d03720fe919a6fd07b51f7439f
  DCKit: ca310752c3a4d442e772de66ce4e4168ea906d62
  Eureka: 0f64f477ec8ef6201c6fec143d60ff5c201cf654
  Fabric: 706c8b8098fff96c33c0db69cbf81f9c551d0d74
  Firebase: 9445469655a98e9010737f4bc4720e5bda465873
  FirebaseAnalytics: 69fe25866d2ec87c6f02d72c3c9a82bce9c065a0
  FirebaseAnalyticsInterop: efbe45c8385ec626e29f9525e5ebd38520dfb6c1
  FirebaseCore: 7ea99e200f0024262650be56623fbe6a7bef1707
  FirebaseInstanceID: 9782fcfb89e4d7da76cc28eac4b8543dc7be4a4b
  FirebaseMessaging: 6bb0bdaf64c55fef7a219b7bb1e94e94a0855ced
  GoogleAppMeasurement: 1e45fa601e6280c180880d57010390f6679cd971
  GoogleUtilities: d2b0e277a95962e09bb27f5cd42f5f0b6a506c7d
  IQKeyboardManagerSwift: ed9b04ee0e3067ffba543283462d619f944b05e5
  JTAppleCalendar: 96da4d8388fa6dc82d6a60d41ef36a015e167e2f
  Moya: f4a4b80ff2f8a4ffc208dfb31cd91636622fee6e
  nanopb: 2901f78ea1b7b4015c860c2fdd1ea2fee1a18d48
  Pageboy: c2a25d1c280e9b622014b692626f1ff9298e0ad2
  Protobuf: 1097ca58584c8d9be81bfbf2c5ff5975648dd87a
  PryntTrimmerView: 53ac64053c7ce63cb3e27f54090f52da0734891d
  QVRWeekView: f0efbb3ca3c5d35ea4b5f04ca81d046613ba649f
  Result: bd966fac789cc6c1563440b348ab2598cc24d5c7
  SCLAlertView: 6a77bb2edfc65e04dbe57725546cb4107a506b85
  SideMenuSwift: 588374781f2508f551a41796482290aeff1afd78
  SteviaLayout: 523469269059f2c6da02820bb2ff28a5fe0780aa
  SVProgressHUD: 1428aafac632c1f86f62aa4243ec12008d7a51d6
  SwiftyGif: f7702483db93586a41f04f4927cd682852a2fa10
  SwiftyJSON: 36413e04c44ee145039d332b4f4e2d3e8d6c4db7
  Tabman: 6cff148419c5d8812d0e9f08f93b6f1c6ba54502
  YPImagePicker: 8039f89ad79281545fa868486f32d9bf5d65ede1

PODFILE CHECKSUM: fe5d828a44c5bf9c6568d06c1f0c34d54b117df8

COCOAPODS: 1.7.4
